version: 1
id: set_alias_policy_block
target_workflow_id: wf_set_account_alias
execution_kind: policy_block
message: 생활비 통장 별칭을 여행 자금으로 바꿔줘
expected_public_statuses: [blocked]
expected_runtime_statuses: [completed]
expected_state_statuses: [blocked]
exact_contract_tool_ids: [fetch_accounts, prepare_account_alias_change, emit_blocked]
expected_tool_requests:
  - method: GET
    path: /api/v1/agent-tools/accounts
    required_arguments: {"account_hint":"생활비 통장","account_capability":"settings","resolve_selection":true,"all_accounts_requested":false,"limit":20}
  - method: POST
    path: /api/v1/agent-tools/settings/account-alias:prepare
    required_arguments: {"account_id":"acc_living","alias":"여행 자금"}
required_webhook_steps: [emit_account_alias_blocked]
forbidden_query_keys: [user_id, owner_id]
require_no_pending: true
forbid_sensitive_values: true
required_webhook_event_types: [blocked]
expected_terminal_ui_types: [blocked_message]
